
Microsoft Visual Studio Solution File, Format Version 12.00
# Visual Studio Version 16
VisualStudioVersion = 16.0.28822.285
MinimumVisualStudioVersion = 10.0.40219.1
Project("{8BC9CEB8-8B4A-11D0-8D11-00A0C91BC942}") = "Beadando3_iamedy", "Beadando3_iamedy\Beadando3_iamedy.vcxproj", "{944A5DDF-12B0-4EB7-9DF6-224FB88A25E5}"
EndProject
Global
	GlobalSection(SolutionConfigurationPlatforms) = preSolution
		Debug|x64 = Debug|x64
		Debug|x86 = Debug|x86
		Release|x64 = Release|x64
		Release|x86 = Release|x86
	EndGlobalSection
	GlobalSection(ProjectConfigurationPlatforms) = postSolution
		{944A5DDF-12B0-4EB7-9DF6-224FB88A25E5}.Debug|x64.ActiveCfg = Debug|x64
		{944A5DDF-12B0-4EB7-9DF6-224FB88A25E5}.Debug|x64.Build.0 = Debug|x64
		{944A5DDF-12B0-4EB7-9DF6-224FB88A25E5}.Debug|x86.ActiveCfg = Debug|Win32
		{944A5DDF-12B0-4EB7-9DF6-224FB88A25E5}.Debug|x86.Build.0 = Debug|Win32
		{944A5DDF-12B0-4EB7-9DF6-224FB88A25E5}.Release|x64.ActiveCfg = Release|x64
		{944A5DDF-12B0-4EB7-9DF6-224FB88A25E5}.Release|x64.Build.0 = Release|x64
		{944A5DDF-12B0-4EB7-9DF6-224FB88A25E5}.Release|x86.ActiveCfg = Release|Win32
		{944A5DDF-12B0-4EB7-9DF6-224FB88A25E5}.Release|x86.Build.0 = Release|Win32
	EndGlobalSection
	GlobalSection(SolutionProperties) = preSolution
		HideSolutionNode = FALSE
	EndGlobalSection
	GlobalSection(ExtensibilityGlobals) = postSolution
		SolutionGuid = {8747EFD7-28C5-4223-9C47-4A59BFD574FA}
	EndGlobalSection
EndGlobal
